
Microsoft Visual Studio Solution File, Format Version 12.00
# Visual Studio Version 17
VisualStudioVersion = 17.0.31919.166
MinimumVisualStudioVersion = 10.0.40219.1
Project("{9A19103F-16F7-4668-BE54-9A1E7A4F7556}") = "DataSetManager", "DataSetManager\DataSetManager.csproj", "{CAD87BED-65E0-48CC-9773-AE3D0088E945}"
EndProject
Project("{9A19103F-16F7-4668-BE54-9A1E7A4F7556}") = "SpatialInterpolationModel", "SpatialInterpolationModel\SpatialInterpolationModel.csproj", "{BE47E7DD-F442-4B92-8670-F5C13EB92958}"
EndProject
Project("{9A19103F-16F7-4668-BE54-9A1E7A4F7556}") = "PredictionStats", "PredictionStats\PredictionStats.csproj", "{74381B3C-4386-4C83-A8AA-D4A967B98684}"
EndProject
Project("{9A19103F-16F7-4668-BE54-9A1E7A4F7556}") = "ConsoleAppDataSetProcessor", "ConsoleAppDataSetProcessor\ConsoleAppDataSetProcessor.csproj", "{86BDDD44-0FD9-4C3E-96F9-12ED0FFF6380}"
EndProject
Project("{9A19103F-16F7-4668-BE54-9A1E7A4F7556}") = "ConsoleAppModelRuns", "ConsoleAppModelRuns\ConsoleAppModelRuns.csproj", "{D9C38B9C-5092-4D0F-AB35-5F14CFC2C480}"
EndProject
Project("{2150E333-8FDC-42A3-9474-1A3956D46DE8}") = "TestApps", "TestApps", "{B6D044AD-94AB-4AA9-BE1D-6ED678498027}"
EndProject
Project("{FAE04EC0-301F-11D3-BF4B-00C04F79EFBC}") = "DataSetManagerTestScenarios", "DataSetManagerTestScenarios\DataSetManagerTestScenarios.csproj", "{05D8B5FC-A3E1-43DD-8F2D-EEEDF919527B}"
EndProject
Project("{FAE04EC0-301F-11D3-BF4B-00C04F79EFBC}") = "MongoDBManager", "MongoDBManager\MongoDBManager.csproj", "{FE78DF3E-4889-400E-BE00-AC37BDE32C0B}"
EndProject
Project("{FAE04EC0-301F-11D3-BF4B-00C04F79EFBC}") = "MongoDBManagerTest", "MongoDBManagerTest\MongoDBManagerTest.csproj", "{FB6FCC7A-55A3-467B-808E-63B0D08034D1}"
EndProject
Global
	GlobalSection(SolutionConfigurationPlatforms) = preSolution
		Debug|Any CPU = Debug|Any CPU
		Release|Any CPU = Release|Any CPU
	EndGlobalSection
	GlobalSection(ProjectConfigurationPlatforms) = postSolution
		{CAD87BED-65E0-48CC-9773-AE3D0088E945}.Debug|Any CPU.ActiveCfg = Debug|Any CPU
		{CAD87BED-65E0-48CC-9773-AE3D0088E945}.Debug|Any CPU.Build.0 = Debug|Any CPU
		{CAD87BED-65E0-48CC-9773-AE3D0088E945}.Release|Any CPU.ActiveCfg = Release|Any CPU
		{CAD87BED-65E0-48CC-9773-AE3D0088E945}.Release|Any CPU.Build.0 = Release|Any CPU
		{BE47E7DD-F442-4B92-8670-F5C13EB92958}.Debug|Any CPU.ActiveCfg = Debug|Any CPU
		{BE47E7DD-F442-4B92-8670-F5C13EB92958}.Debug|Any CPU.Build.0 = Debug|Any CPU
		{BE47E7DD-F442-4B92-8670-F5C13EB92958}.Release|Any CPU.ActiveCfg = Release|Any CPU
		{BE47E7DD-F442-4B92-8670-F5C13EB92958}.Release|Any CPU.Build.0 = Release|Any CPU
		{74381B3C-4386-4C83-A8AA-D4A967B98684}.Debug|Any CPU.ActiveCfg = Debug|Any CPU
		{74381B3C-4386-4C83-A8AA-D4A967B98684}.Debug|Any CPU.Build.0 = Debug|Any CPU
		{74381B3C-4386-4C83-A8AA-D4A967B98684}.Release|Any CPU.ActiveCfg = Release|Any CPU
		{74381B3C-4386-4C83-A8AA-D4A967B98684}.Release|Any CPU.Build.0 = Release|Any CPU
		{86BDDD44-0FD9-4C3E-96F9-12ED0FFF6380}.Debug|Any CPU.ActiveCfg = Debug|Any CPU
		{86BDDD44-0FD9-4C3E-96F9-12ED0FFF6380}.Debug|Any CPU.Build.0 = Debug|Any CPU
		{86BDDD44-0FD9-4C3E-96F9-12ED0FFF6380}.Release|Any CPU.ActiveCfg = Release|Any CPU
		{86BDDD44-0FD9-4C3E-96F9-12ED0FFF6380}.Release|Any CPU.Build.0 = Release|Any CPU
		{D9C38B9C-5092-4D0F-AB35-5F14CFC2C480}.Debug|Any CPU.ActiveCfg = Debug|Any CPU
		{D9C38B9C-5092-4D0F-AB35-5F14CFC2C480}.Debug|Any CPU.Build.0 = Debug|Any CPU
		{D9C38B9C-5092-4D0F-AB35-5F14CFC2C480}.Release|Any CPU.ActiveCfg = Release|Any CPU
		{D9C38B9C-5092-4D0F-AB35-5F14CFC2C480}.Release|Any CPU.Build.0 = Release|Any CPU
		{05D8B5FC-A3E1-43DD-8F2D-EEEDF919527B}.Debug|Any CPU.ActiveCfg = Debug|Any CPU
		{05D8B5FC-A3E1-43DD-8F2D-EEEDF919527B}.Debug|Any CPU.Build.0 = Debug|Any CPU
		{05D8B5FC-A3E1-43DD-8F2D-EEEDF919527B}.Release|Any CPU.ActiveCfg = Release|Any CPU
		{05D8B5FC-A3E1-43DD-8F2D-EEEDF919527B}.Release|Any CPU.Build.0 = Release|Any CPU
		{FE78DF3E-4889-400E-BE00-AC37BDE32C0B}.Debug|Any CPU.ActiveCfg = Debug|Any CPU
		{FE78DF3E-4889-400E-BE00-AC37BDE32C0B}.Debug|Any CPU.Build.0 = Debug|Any CPU
		{FE78DF3E-4889-400E-BE00-AC37BDE32C0B}.Release|Any CPU.ActiveCfg = Release|Any CPU
		{FE78DF3E-4889-400E-BE00-AC37BDE32C0B}.Release|Any CPU.Build.0 = Release|Any CPU
		{FB6FCC7A-55A3-467B-808E-63B0D08034D1}.Debug|Any CPU.ActiveCfg = Debug|Any CPU
		{FB6FCC7A-55A3-467B-808E-63B0D08034D1}.Debug|Any CPU.Build.0 = Debug|Any CPU
		{FB6FCC7A-55A3-467B-808E-63B0D08034D1}.Release|Any CPU.ActiveCfg = Release|Any CPU
		{FB6FCC7A-55A3-467B-808E-63B0D08034D1}.Release|Any CPU.Build.0 = Release|Any CPU
	EndGlobalSection
	GlobalSection(SolutionProperties) = preSolution
		HideSolutionNode = FALSE
	EndGlobalSection
	GlobalSection(NestedProjects) = preSolution
		{05D8B5FC-A3E1-43DD-8F2D-EEEDF919527B} = {B6D044AD-94AB-4AA9-BE1D-6ED678498027}
		{FB6FCC7A-55A3-467B-808E-63B0D08034D1} = {B6D044AD-94AB-4AA9-BE1D-6ED678498027}
	EndGlobalSection
	GlobalSection(ExtensibilityGlobals) = postSolution
		SolutionGuid = {E8F200F7-6E0E-4494-8EC3-ED2520C3498C}
	EndGlobalSection
EndGlobal
